github.com/HugoBlox/hugo-blox-builder/modules/blox-bootstrap/v5 v5.9.7 h1:QPek2BL723n+uM4DjyV97qNIoPsmt/vnKAQyaGJbgvQ=
github.com/HugoBlox/hugo-blox-builder/modules/blox-bootstrap/v5 v5.9.7/go.mod h1:xZiTEEurbEwj/NhZohozvlyLCGVCT2wARHDAJeqKG/c=
github.com/HugoBlox/hugo-blox-builder/modules/blox-core v0.3.1/go.mod h1:So8+V2U+TNxlXmcpZfdDX0muLh3PdJ7z92h30sv3bZg=
github.com/HugoBlox/hugo-blox-builder/modules/blox-plugin-netlify v1.1.2-0.20231125204555-f431a4a2c705 h1:by3eQpqEvX+GXb4UeDLQeNa9hRf1YdcBrwN61vATMZs=
github.com/HugoBlox/hugo-blox-builder/modules/blox-plugin-netlify v1.1.2-0.20231125204555-f431a4a2c705/go.mod h1:C7jfxMLv1bEUqbM9XDSmEpfOpS8w06OgqNDEcbuRgL4=
github.com/HugoBlox/hugo-blox-builder/modules/blox-seo v0.2.2/go.mod h1:NsESu6cEms1DgH84icCyylElg2Zu8A0f7Fma5JR0LZE=
github.com/HugoBlox/hugo-blox-builder/modules/blox-tailwind v0.2.0 h1:W1N6SfS/o+/CRlFSJCPHe0dlpcRUutCkg+FIvNmM4EI=
github.com/HugoBlox/hugo-blox-builder/modules/blox-tailwind v0.2.0/go.mod h1:ABVWybDpTvDuzd9Ae4IX4B1uCSnEnbtqj2j5iaxlmVM=
github.com/HugoBlox/hugo-blox-builder/modules/blox-tailwind v0.2.1-0.20240310162319-c03355fea540 h1:VcezEBRbsqYGAhInA8R3iRTjb/o3uDE144wygsLiZwE=
github.com/HugoBlox/hugo-blox-builder/modules/blox-tailwind v0.2.1-0.20240310162319-c03355fea540/go.mod h1:+qBbqXbKT7M2nOeHQa5OrRXwQKpEx1RXpMGirHbT7HU=
github.com/HugoBlox/hugo-blox-builder/modules/blox-tailwind v0.2.1-0.20240420123751-9547f9a844cf h1:axJEvjJgmux1ecRgqHOxdk54nPO67tO6ISik1SW2r+k=
github.com/HugoBlox/hugo-blox-builder/modules/blox-tailwind v0.2.1-0.20240420123751-9547f9a844cf/go.mod h1:+qBbqXbKT7M2nOeHQa5OrRXwQKpEx1RXpMGirHbT7HU=
